{
    "_meta": {
        "hash": {
            "sha256": "1cd816a6b9d42af56ad25fdf08da8beb6f54c9df1030f573bd303dc574b9f26c"
        },
        "host-environment-markers": {
            "implementation_name": "cpython",
            "implementation_version": "3.6.4",
            "os_name": "posix",
            "platform_machine": "x86_64",
            "platform_python_implementation": "CPython",
            "platform_release": "17.4.0",
            "platform_system": "Darwin",
            "platform_version": "Darwin Kernel Version 17.4.0: Sun Dec 17 09:19:54 PST 2017; root:xnu-4570.41.2~1/RELEASE_X86_64",
            "python_full_version": "3.6.4",
            "python_version": "3.6",
            "sys_platform": "darwin"
        },
        "pipfile-spec": 6,
        "requires": {},
        "sources": [
            {
                "name": "pypi",
                "url": "https://pypi.python.org/simple",
                "verify_ssl": true
            }
        ]
    },
    "default": {
        "toml": {
            "hashes": [
                "sha256:53dd619be5a027e9c8510dd492113f643df1cccc13188a8698914e51720a1a89"
            ],
            "version": "==0.7.1"
        }
    },
    "develop": {
        "delegator": {
            "hashes": [
                "sha256:8d6a8b0f6fb0287e88a8d4758ae01ed5856e4eb7f66a7d5c9c4e4ba75629392c"
            ],
            "version": "==0.0.2"
        }
    }
}