{
    "_meta": {
        "hash": {
            "sha256": "eb7f13dd035acd94fad72da2d9f14508bf0262869e0be0698563c397109a82ba"
        },
        "host-environment-markers": {
            "implementation_name": "cpython",
            "implementation_version": "3.6.4",
            "os_name": "posix",
            "platform_machine": "x86_64",
            "platform_python_implementation": "CPython",
            "platform_release": "17.4.0",
            "platform_system": "Darwin",
            "platform_version": "Darwin Kernel Version 17.4.0: Sun Dec 17 09:19:54 PST 2017; root:xnu-4570.41.2~1/RELEASE_X86_64",
            "python_full_version": "3.6.4",
            "python_version": "3.6",
            "sys_platform": "darwin"
        },
        "pipfile-spec": 6,
        "requires": {},
        "sources": [
            {
                "name": "pypi",
                "url": "https://pypi.python.org/simple",
                "verify_ssl": true
            }
        ]
    },
    "default": {
        "toml": {
            "hashes": [
                "sha256:24250090512f1295d75f3db558ba26130b56b7dec7d30abbfc3bbde89a67825d"
            ],
            "version": "==0.8.0"
        }
    },
    "develop": {
        "delegator": {
            "hashes": [
                "sha256:4f836c7472e4e68295891521e8d502ecc40599ff8c2018990e3a7927366a0d0e"
            ],
            "version": "==0.0.3"
        }
    }
}