{
    "_meta": {
        "hash": {
            "sha256": "f4289104134a4c14c804a281c09c151a30c001bbc665b9f4c75f5c37d4845a9c"
        },
        "host-environment-markers": {
            "implementation_name": "cpython",
            "implementation_version": "3.6.4",
            "os_name": "posix",
            "platform_machine": "x86_64",
            "platform_python_implementation": "CPython",
            "platform_release": "4.9.60-linuxkit-aufs",
            "platform_system": "Linux",
            "platform_version": "#1 SMP Mon Nov 6 16:00:12 UTC 2017",
            "python_full_version": "3.6.4",
            "python_version": "3.6",
            "sys_platform": "linux"
        },
        "pipfile-spec": 6,
        "requires": {},
        "sources": [
            {
                "name": "pypi",
                "url": "https://pypi.python.org/simple",
                "verify_ssl": true
            }
        ]
    },
    "default": {
        "toml": {
            "hashes": [
                "sha256:8e86bd6ce8cc11b9620cb637466453d94f5d57ad86f17e98a98d1f73e3baab2d"
            ],
            "version": "==0.6.0"
        }
    },
    "develop": {}
}
