{
    "_meta": {
        "hash": {
            "sha256": "5d5bc12ad8bcb9998d7eeda4c7bfc699c402a04a93f012cd3f923ff4a4c2a606"
        },
        "host-environment-markers": {
            "implementation_name": "cpython",
            "implementation_version": "3.6.4",
            "os_name": "posix",
            "platform_machine": "x86_64",
            "platform_python_implementation": "CPython",
            "platform_release": "4.9.60-linuxkit-aufs",
            "platform_system": "Linux",
            "platform_version": "#1 SMP Mon Nov 6 16:00:12 UTC 2017",
            "python_full_version": "3.6.4",
            "python_version": "3.6",
            "sys_platform": "linux"
        },
        "pipfile-spec": 6,
        "requires": {},
        "sources": [
            {
                "name": "pypi",
                "url": "https://pypi.python.org/simple",
                "verify_ssl": true
            }
        ]
    },
    "default": {
        "toml": {
            "hashes": [
                "sha256:24250090512f1295d75f3db558ba26130b56b7dec7d30abbfc3bbde89a67825d"
            ],
            "version": "==0.8.0"
        }
    },
    "develop": {}
}
